// !$*UTF8*$!
{
	archiveVersion = 1;
	classes = {
	};
	objectVersion = 77;
	objects = {

/* Begin PBXBuildFile section */
		1F4374DC2D8A675D00570836 /* AppDelegate.swift in Sources */ = {isa = PBXBuildFile; fileRef = 1F4374DB2D8A675D00570836 /* AppDelegate.swift */; };
		1F4374DE2D8A675D00570836 /* SceneDelegate.swift in Sources */ = {isa = PBXBuildFile; fileRef = 1F4374DD2D8A675D00570836 /* SceneDelegate.swift */; };
		1F4374E12D8A675D00570836 /* LaunchScreen.storyboard in Resources */ = {isa = PBXBuildFile; fileRef = 1F4374DF2D8A675D00570836 /* LaunchScreen.storyboard */; };
		1F4374E42D8A675D00570836 /* Main.storyboard in Resources */ = {isa = PBXBuildFile; fileRef = 1F4374E22D8A675D00570836 /* Main.storyboard */; };
		1F4374ED2D8A675D00570836 /* AppDelegate.swift in Sources */ = {isa = PBXBuildFile; fileRef = 1F4374EC2D8A675D00570836 /* AppDelegate.swift */; };
		1F4374F02D8A675D00570836 /* Main.storyboard in Resources */ = {isa = PBXBuildFile; fileRef = 1F4374EE2D8A675D00570836 /* Main.storyboard */; };
		1F4374F82D8A675D00570836 /* LinkQueue Extension.appex in Embed Foundation Extensions */ = {isa = PBXBuildFile; fileRef = 1F4374F72D8A675D00570836 /* LinkQueue Extension.appex */; settings = {ATTRIBUTES = (RemoveHeadersOnCopy, ); }; };
		1F4375022D8A675D00570836 /* LinkQueue Extension.appex in Embed Foundation Extensions */ = {isa = PBXBuildFile; fileRef = 1F4375012D8A675D00570836 /* LinkQueue Extension.appex */; settings = {ATTRIBUTES = (RemoveHeadersOnCopy, ); }; };
		1F4375082D8A675D00570836 /* Main.html in Resources */ = {isa = PBXBuildFile; fileRef = 1F4374CB2D8A675C00570836 /* Main.html */; };
		1F4375092D8A675D00570836 /* Main.html in Resources */ = {isa = PBXBuildFile; fileRef = 1F4374CB2D8A675C00570836 /* Main.html */; };
		1F43750A2D8A675D00570836 /* Icon.png in Resources */ = {isa = PBXBuildFile; fileRef = 1F4374CD2D8A675C00570836 /* Icon.png */; };
		1F43750B2D8A675D00570836 /* Icon.png in Resources */ = {isa = PBXBuildFile; fileRef = 1F4374CD2D8A675C00570836 /* Icon.png */; };
		1F43750C2D8A675D00570836 /* Style.css in Resources */ = {isa = PBXBuildFile; fileRef = 1F4374CE2D8A675C00570836 /* Style.css */; };
		1F43750D2D8A675D00570836 /* Style.css in Resources */ = {isa = PBXBuildFile; fileRef = 1F4374CE2D8A675C00570836 /* Style.css */; };
		1F43750E2D8A675D00570836 /* Script.js in Resources */ = {isa = PBXBuildFile; fileRef = 1F4374CF2D8A675C00570836 /* Script.js */; };
		1F43750F2D8A675D00570836 /* Script.js in Resources */ = {isa = PBXBuildFile; fileRef = 1F4374CF2D8A675C00570836 /* Script.js */; };
		1F4375102D8A675D00570836 /* ViewController.swift in Sources */ = {isa = PBXBuildFile; fileRef = 1F4374D02D8A675C00570836 /* ViewController.swift */; };
		1F4375112D8A675D00570836 /* ViewController.swift in Sources */ = {isa = PBXBuildFile; fileRef = 1F4374D02D8A675C00570836 /* ViewController.swift */; };
		1F4375122D8A675D00570836 /* Assets.xcassets in Resources */ = {isa = PBXBuildFile; fileRef = 1F4374D12D8A675D00570836 /* Assets.xcassets */; };
		1F4375132D8A675D00570836 /* Assets.xcassets in Resources */ = {isa = PBXBuildFile; fileRef = 1F4374D12D8A675D00570836 /* Assets.xcassets */; };
		1F4375142D8A675D00570836 /* SafariWebExtensionHandler.swift in Sources */ = {isa = PBXBuildFile; fileRef = 1F4374D32D8A675D00570836 /* SafariWebExtensionHandler.swift */; };
		1F4375152D8A675D00570836 /* SafariWebExtensionHandler.swift in Sources */ = {isa = PBXBuildFile; fileRef = 1F4374D32D8A675D00570836 /* SafariWebExtensionHandler.swift */; };
		1F4375322D8A675D00570836 /* popup.js in Resources */ = {isa = PBXBuildFile; fileRef = 1F4375272D8A675D00570836 /* popup.js */; };
		1F4375332D8A675D00570836 /* background.js in Resources */ = {isa = PBXBuildFile; fileRef = 1F4375282D8A675D00570836 /* background.js */; };
		1F4375342D8A675D00570836 /* popup.html in Resources */ = {isa = PBXBuildFile; fileRef = 1F4375292D8A675D00570836 /* popup.html */; };
		1F4375352D8A675D00570836 /* options.js in Resources */ = {isa = PBXBuildFile; fileRef = 1F43752A2D8A675D00570836 /* options.js */; };
		1F4375362D8A675D00570836 /* Resources in Resources */ = {isa = PBXBuildFile; fileRef = 1F43752B2D8A675D00570836 /* Resources */; };
		1F4375372D8A675D00570836 /* icons in Resources */ = {isa = PBXBuildFile; fileRef = 1F43752C2D8A675D00570836 /* icons */; };
		1F4375382D8A675D00570836 /* manifest.json in Resources */ = {isa = PBXBuildFile; fileRef = 1F43752D2D8A675D00570836 /* manifest.json */; };
		1F4375392D8A675D00570836 /* options.html in Resources */ = {isa = PBXBuildFile; fileRef = 1F43752E2D8A675D00570836 /* options.html */; };
		1F43753A2D8A675D00570836 /* popup.css in Resources */ = {isa = PBXBuildFile; fileRef = 1F43752F2D8A675D00570836 /* popup.css */; };
		1F43753B2D8A675D00570836 /* content.js in Resources */ = {isa = PBXBuildFile; fileRef = 1F4375302D8A675D00570836 /* content.js */; };
		1F43753C2D8A675D00570836 /* LICENSE.txt in Resources */ = {isa = PBXBuildFile; fileRef = 1F4375312D8A675D00570836 /* LICENSE.txt */; };
		1F43753D2D8A675D00570836 /* popup.js in Resources */ = {isa = PBXBuildFile; fileRef = 1F4375272D8A675D00570836 /* popup.js */; };
		1F43753E2D8A675D00570836 /* background.js in Resources */ = {isa = PBXBuildFile; fileRef = 1F4375282D8A675D00570836 /* background.js */; };
		1F43753F2D8A675D00570836 /* popup.html in Resources */ = {isa = PBXBuildFile; fileRef = 1F4375292D8A675D00570836 /* popup.html */; };
		1F4375402D8A675D00570836 /* options.js in Resources */ = {isa = PBXBuildFile; fileRef = 1F43752A2D8A675D00570836 /* options.js */; };
		1F4375412D8A675D00570836 /* Resources in Resources */ = {isa = PBXBuildFile; fileRef = 1F43752B2D8A675D00570836 /* Resources */; };
		1F4375422D8A675D00570836 /* icons in Resources */ = {isa = PBXBuildFile; fileRef = 1F43752C2D8A675D00570836 /* icons */; };
		1F4375432D8A675D00570836 /* manifest.json in Resources */ = {isa = PBXBuildFile; fileRef = 1F43752D2D8A675D00570836 /* manifest.json */; };
		1F4375442D8A675D00570836 /* options.html in Resources */ = {isa = PBXBuildFile; fileRef = 1F43752E2D8A675D00570836 /* options.html */; };
		1F4375452D8A675D00570836 /* popup.css in Resources */ = {isa = PBXBuildFile; fileRef = 1F43752F2D8A675D00570836 /* popup.css */; };
		1F4375462D8A675D00570836 /* content.js in Resources */ = {isa = PBXBuildFile; fileRef = 1F4375302D8A675D00570836 /* content.js */; };
		1F4375472D8A675D00570836 /* LICENSE.txt in Resources */ = {isa = PBXBuildFile; fileRef = 1F4375312D8A675D00570836 /* LICENSE.txt */; };
/* End PBXBuildFile section */

/* Begin PBXContainerItemProxy section */
		1F4374F92D8A675D00570836 /* PBXContainerItemProxy */ = {
			isa = PBXContainerItemProxy;
			containerPortal = 1F4374C52D8A675C00570836 /* Project object */;
			proxyType = 1;
			remoteGlobalIDString = 1F4374F62D8A675D00570836;
			remoteInfo = "LinkQueue Extension (iOS)";
		};
		1F4375032D8A675D00570836 /* PBXContainerItemProxy */ = {
			isa = PBXContainerItemProxy;
			containerPortal = 1F4374C52D8A675C00570836 /* Project object */;
			proxyType = 1;
			remoteGlobalIDString = 1F4375002D8A675D00570836;
			remoteInfo = "LinkQueue Extension (macOS)";
		};
/* End PBXContainerItemProxy section */

/* Begin PBXCopyFilesBuildPhase section */
		1F43751B2D8A675D00570836 /* Embed Foundation Extensions */ = {
			isa = PBXCopyFilesBuildPhase;
			buildActionMask = 2147483647;
			dstPath = "";
			dstSubfolderSpec = 13;
			files = (
				1F4374F82D8A675D00570836 /* LinkQueue Extension.appex in Embed Foundation Extensions */,
			);
			name = "Embed Foundation Extensions";
			runOnlyForDeploymentPostprocessing = 0;
		};
		1F4375222D8A675D00570836 /* Embed Foundation Extensions */ = {
			isa = PBXCopyFilesBuildPhase;
			buildActionMask = 2147483647;
			dstPath = "";
			dstSubfolderSpec = 13;
			files = (
				1F4375022D8A675D00570836 /* LinkQueue Extension.appex in Embed Foundation Extensions */,
			);
			name = "Embed Foundation Extensions";
			runOnlyForDeploymentPostprocessing = 0;
		};
/* End PBXCopyFilesBuildPhase section */

/* Begin PBXFileReference section */
		1F4374CC2D8A675C00570836 /* Base */ = {isa = PBXFileReference; lastKnownFileType = text.html; name = Base; path = Base.lproj/Main.html; sourceTree = "<group>"; };
		1F4374CD2D8A675C00570836 /* Icon.png */ = {isa = PBXFileReference; lastKnownFileType = image.png; path = Icon.png; sourceTree = "<group>"; };
		1F4374CE2D8A675C00570836 /* Style.css */ = {isa = PBXFileReference; lastKnownFileType = text.css; path = Style.css; sourceTree = "<group>"; };
		1F4374CF2D8A675C00570836 /* Script.js */ = {isa = PBXFileReference; lastKnownFileType = sourcecode.javascript; path = Script.js; sourceTree = "<group>"; };
		1F4374D02D8A675C00570836 /* ViewController.swift */ = {isa = PBXFileReference; lastKnownFileType = sourcecode.swift; path = ViewController.swift; sourceTree = "<group>"; };
		1F4374D12D8A675D00570836 /* Assets.xcassets */ = {isa = PBXFileReference; lastKnownFileType = folder.assetcatalog; path = Assets.xcassets; sourceTree = "<group>"; };
		1F4374D32D8A675D00570836 /* SafariWebExtensionHandler.swift */ = {isa = PBXFileReference; lastKnownFileType = sourcecode.swift; path = SafariWebExtensionHandler.swift; sourceTree = "<group>"; };
		1F4374D82D8A675D00570836 /* LinkQueue.app */ = {isa = PBXFileReference; explicitFileType = wrapper.application; includeInIndex = 0; path = LinkQueue.app; sourceTree = BUILT_PRODUCTS_DIR; };
		1F4374DB2D8A675D00570836 /* AppDelegate.swift */ = {isa = PBXFileReference; lastKnownFileType = sourcecode.swift; path = AppDelegate.swift; sourceTree = "<group>"; };
		1F4374DD2D8A675D00570836 /* SceneDelegate.swift */ = {isa = PBXFileReference; lastKnownFileType = sourcecode.swift; path = SceneDelegate.swift; sourceTree = "<group>"; };
		1F4374E02D8A675D00570836 /* Base */ = {isa = PBXFileReference; lastKnownFileType = file.storyboard; name = Base; path = Base.lproj/LaunchScreen.storyboard; sourceTree = "<group>"; };
		1F4374E32D8A675D00570836 /* Base */ = {isa = PBXFileReference; lastKnownFileType = file.storyboard; name = Base; path = Base.lproj/Main.storyboard; sourceTree = "<group>"; };
		1F4374E52D8A675D00570836 /* Info.plist */ = {isa = PBXFileReference; lastKnownFileType = text.plist.xml; path = Info.plist; sourceTree = "<group>"; };
		1F4374EA2D8A675D00570836 /* LinkQueue.app */ = {isa = PBXFileReference; explicitFileType = wrapper.application; includeInIndex = 0; path = LinkQueue.app; sourceTree = BUILT_PRODUCTS_DIR; };
		1F4374EC2D8A675D00570836 /* AppDelegate.swift */ = {isa = PBXFileReference; lastKnownFileType = sourcecode.swift; path = AppDelegate.swift; sourceTree = "<group>"; };
		1F4374EF2D8A675D00570836 /* Base */ = {isa = PBXFileReference; lastKnownFileType = file.storyboard; name = Base; path = Base.lproj/Main.storyboard; sourceTree = "<group>"; };
		1F4374F12D8A675D00570836 /* Info.plist */ = {isa = PBXFileReference; lastKnownFileType = text.plist.xml; path = Info.plist; sourceTree = "<group>"; };
		1F4374F22D8A675D00570836 /* LinkQueue.entitlements */ = {isa = PBXFileReference; lastKnownFileType = text.plist.entitlements; path = LinkQueue.entitlements; sourceTree = "<group>"; };
		1F4374F72D8A675D00570836 /* LinkQueue Extension.appex */ = {isa = PBXFileReference; explicitFileType = "wrapper.app-extension"; includeInIndex = 0; path = "LinkQueue Extension.appex"; sourceTree = BUILT_PRODUCTS_DIR; };
		1F4374FC2D8A675D00570836 /* Info.plist */ = {isa = PBXFileReference; lastKnownFileType = text.plist.xml; path = Info.plist; sourceTree = "<group>"; };
		1F4375012D8A675D00570836 /* LinkQueue Extension.appex */ = {isa = PBXFileReference; explicitFileType = "wrapper.app-extension"; includeInIndex = 0; path = "LinkQueue Extension.appex"; sourceTree = BUILT_PRODUCTS_DIR; };
		1F4375062D8A675D00570836 /* Info.plist */ = {isa = PBXFileReference; lastKnownFileType = text.plist.xml; path = Info.plist; sourceTree = "<group>"; };
		1F4375072D8A675D00570836 /* LinkQueue.entitlements */ = {isa = PBXFileReference; lastKnownFileType = text.plist.entitlements; path = LinkQueue.entitlements; sourceTree = "<group>"; };
		1F4375272D8A675D00570836 /* popup.js */ = {isa = PBXFileReference; lastKnownFileType = sourcecode.javascript; name = popup.js; path = ../../../chrome/popup.js; sourceTree = "<group>"; };
		1F4375282D8A675D00570836 /* background.js */ = {isa = PBXFileReference; lastKnownFileType = sourcecode.javascript; name = background.js; path = ../../../chrome/background.js; sourceTree = "<group>"; };
		1F4375292D8A675D00570836 /* popup.html */ = {isa = PBXFileReference; lastKnownFileType = text.html; name = popup.html; path = ../../../chrome/popup.html; sourceTree = "<group>"; };
		1F43752A2D8A675D00570836 /* options.js */ = {isa = PBXFileReference; lastKnownFileType = sourcecode.javascript; name = options.js; path = ../../../chrome/options.js; sourceTree = "<group>"; };
		1F43752B2D8A675D00570836 /* Resources */ = {isa = PBXFileReference; lastKnownFileType = folder; name = Resources; path = ../../../chrome/Resources; sourceTree = "<group>"; };
		1F43752C2D8A675D00570836 /* icons */ = {isa = PBXFileReference; lastKnownFileType = folder; name = icons; path = ../../../chrome/icons; sourceTree = "<group>"; };
		1F43752D2D8A675D00570836 /* manifest.json */ = {isa = PBXFileReference; lastKnownFileType = text.json; name = manifest.json; path = ../../../chrome/manifest.json; sourceTree = "<group>"; };
		1F43752E2D8A675D00570836 /* options.html */ = {isa = PBXFileReference; lastKnownFileType = text.html; name = options.html; path = ../../../chrome/options.html; sourceTree = "<group>"; };
		1F43752F2D8A675D00570836 /* popup.css */ = {isa = PBXFileReference; lastKnownFileType = text.css; name = popup.css; path = ../../../chrome/popup.css; sourceTree = "<group>"; };
		1F4375302D8A675D00570836 /* content.js */ = {isa = PBXFileReference; lastKnownFileType = sourcecode.javascript; name = content.js; path = ../../../chrome/content.js; sourceTree = "<group>"; };
		1F4375312D8A675D00570836 /* LICENSE.txt */ = {isa = PBXFileReference; lastKnownFileType = text; name = LICENSE.txt; path = ../../../chrome/LICENSE.txt; sourceTree = "<group>"; };
/* End PBXFileReference section */

/* Begin PBXFrameworksBuildPhase section */
		1F4374D52D8A675D00570836 /* Frameworks */ = {
			isa = PBXFrameworksBuildPhase;
			buildActionMask = 2147483647;
			files = (
			);
			runOnlyForDeploymentPostprocessing = 0;
		};
		1F4374E72D8A675D00570836 /* Frameworks */ = {
			isa = PBXFrameworksBuildPhase;
			buildActionMask = 2147483647;
			files = (
			);
			runOnlyForDeploymentPostprocessing = 0;
		};
		1F4374F42D8A675D00570836 /* Frameworks */ = {
			isa = PBXFrameworksBuildPhase;
			buildActionMask = 2147483647;
			files = (
			);
			runOnlyForDeploymentPostprocessing = 0;
		};
		1F4374FE2D8A675D00570836 /* Frameworks */ = {
			isa = PBXFrameworksBuildPhase;
			buildActionMask = 2147483647;
			files = (
			);
			runOnlyForDeploymentPostprocessing = 0;
		};
/* End PBXFrameworksBuildPhase section */

/* Begin PBXGroup section */
		1F4374C42D8A675C00570836 = {
			isa = PBXGroup;
			children = (
				1F4374C92D8A675C00570836 /* Shared (App) */,
				1F4374D22D8A675D00570836 /* Shared (Extension) */,
				1F4374DA2D8A675D00570836 /* iOS (App) */,
				1F4374EB2D8A675D00570836 /* macOS (App) */,
				1F4374FB2D8A675D00570836 /* iOS (Extension) */,
				1F4375052D8A675D00570836 /* macOS (Extension) */,
				1F4374D92D8A675D00570836 /* Products */,
			);
			sourceTree = "<group>";
		};
		1F4374C92D8A675C00570836 /* Shared (App) */ = {
			isa = PBXGroup;
			children = (
				1F4374D02D8A675C00570836 /* ViewController.swift */,
				1F4374D12D8A675D00570836 /* Assets.xcassets */,
				1F4374CA2D8A675C00570836 /* Resources */,
			);
			path = "Shared (App)";
			sourceTree = "<group>";
		};
		1F4374CA2D8A675C00570836 /* Resources */ = {
			isa = PBXGroup;
			children = (
				1F4374CB2D8A675C00570836 /* Main.html */,
				1F4374CD2D8A675C00570836 /* Icon.png */,
				1F4374CE2D8A675C00570836 /* Style.css */,
				1F4374CF2D8A675C00570836 /* Script.js */,
			);
			path = Resources;
			sourceTree = "<group>";
		};
		1F4374D22D8A675D00570836 /* Shared (Extension) */ = {
			isa = PBXGroup;
			children = (
				1F4375262D8A675D00570836 /* Resources */,
				1F4374D32D8A675D00570836 /* SafariWebExtensionHandler.swift */,
			);
			path = "Shared (Extension)";
			sourceTree = "<group>";
		};
		1F4374D92D8A675D00570836 /* Products */ = {
			isa = PBXGroup;
			children = (
				1F4374D82D8A675D00570836 /* LinkQueue.app */,
				1F4374EA2D8A675D00570836 /* LinkQueue.app */,
				1F4374F72D8A675D00570836 /* LinkQueue Extension.appex */,
				1F4375012D8A675D00570836 /* LinkQueue Extension.appex */,
			);
			name = Products;
			sourceTree = "<group>";
		};
		1F4374DA2D8A675D00570836 /* iOS (App) */ = {
			isa = PBXGroup;
			children = (
				1F4374DB2D8A675D00570836 /* AppDelegate.swift */,
				1F4374DD2D8A675D00570836 /* SceneDelegate.swift */,
				1F4374DF2D8A675D00570836 /* LaunchScreen.storyboard */,
				1F4374E22D8A675D00570836 /* Main.storyboard */,
				1F4374E52D8A675D00570836 /* Info.plist */,
			);
			path = "iOS (App)";
			sourceTree = "<group>";
		};
		1F4374EB2D8A675D00570836 /* macOS (App) */ = {
			isa = PBXGroup;
			children = (
				1F4374EC2D8A675D00570836 /* AppDelegate.swift */,
				1F4374EE2D8A675D00570836 /* Main.storyboard */,
				1F4374F12D8A675D00570836 /* Info.plist */,
				1F4374F22D8A675D00570836 /* LinkQueue.entitlements */,
			);
			path = "macOS (App)";
			sourceTree = "<group>";
		};
		1F4374FB2D8A675D00570836 /* iOS (Extension) */ = {
			isa = PBXGroup;
			children = (
				1F4374FC2D8A675D00570836 /* Info.plist */,
			);
			path = "iOS (Extension)";
			sourceTree = "<group>";
		};
		1F4375052D8A675D00570836 /* macOS (Extension) */ = {
			isa = PBXGroup;
			children = (
				1F4375062D8A675D00570836 /* Info.plist */,
				1F4375072D8A675D00570836 /* LinkQueue.entitlements */,
			);
			path = "macOS (Extension)";
			sourceTree = "<group>";
		};
		1F4375262D8A675D00570836 /* Resources */ = {
			isa = PBXGroup;
			children = (
				1F4375272D8A675D00570836 /* popup.js */,
				1F4375282D8A675D00570836 /* background.js */,
				1F4375292D8A675D00570836 /* popup.html */,
				1F43752A2D8A675D00570836 /* options.js */,
				1F43752B2D8A675D00570836 /* Resources */,
				1F43752C2D8A675D00570836 /* icons */,
				1F43752D2D8A675D00570836 /* manifest.json */,
				1F43752E2D8A675D00570836 /* options.html */,
				1F43752F2D8A675D00570836 /* popup.css */,
				1F4375302D8A675D00570836 /* content.js */,
				1F4375312D8A675D00570836 /* LICENSE.txt */,
			);
			name = Resources;
			path = "Shared (Extension)";
			sourceTree = SOURCE_ROOT;
		};
/* End PBXGroup section */

/* Begin PBXNativeTarget section */
		1F4374D72D8A675D00570836 /* LinkQueue (iOS) */ = {
			isa = PBXNativeTarget;
			buildConfigurationList = 1F43751C2D8A675D00570836 /* Build configuration list for PBXNativeTarget "LinkQueue (iOS)" */;
			buildPhases = (
				1F4374D42D8A675D00570836 /* Sources */,
				1F4374D52D8A675D00570836 /* Frameworks */,
				1F4374D62D8A675D00570836 /* Resources */,
				1F43751B2D8A675D00570836 /* Embed Foundation Extensions */,
			);
			buildRules = (
			);
			dependencies = (
				1F4374FA2D8A675D00570836 /* PBXTargetDependency */,
			);
			name = "LinkQueue (iOS)";
			packageProductDependencies = (
			);
			productName = "LinkQueue (iOS)";
			productReference = 1F4374D82D8A675D00570836 /* LinkQueue.app */;
			productType = "com.apple.product-type.application";
		};
		1F4374E92D8A675D00570836 /* LinkQueue (macOS) */ = {
			isa = PBXNativeTarget;
			buildConfigurationList = 1F4375232D8A675D00570836 /* Build configuration list for PBXNativeTarget "LinkQueue (macOS)" */;
			buildPhases = (
				1F4374E62D8A675D00570836 /* Sources */,
				1F4374E72D8A675D00570836 /* Frameworks */,
				1F4374E82D8A675D00570836 /* Resources */,
				1F4375222D8A675D00570836 /* Embed Foundation Extensions */,
			);
			buildRules = (
			);
			dependencies = (
				1F4375042D8A675D00570836 /* PBXTargetDependency */,
			);
			name = "LinkQueue (macOS)";
			packageProductDependencies = (
			);
			productName = "LinkQueue (macOS)";
			productReference = 1F4374EA2D8A675D00570836 /* LinkQueue.app */;
			productType = "com.apple.product-type.application";
		};
		1F4374F62D8A675D00570836 /* LinkQueue Extension (iOS) */ = {
			isa = PBXNativeTarget;
			buildConfigurationList = 1F4375182D8A675D00570836 /* Build configuration list for PBXNativeTarget "LinkQueue Extension (iOS)" */;
			buildPhases = (
				1F4374F32D8A675D00570836 /* Sources */,
				1F4374F42D8A675D00570836 /* Frameworks */,
				1F4374F52D8A675D00570836 /* Resources */,
			);
			buildRules = (
			);
			dependencies = (
			);
			name = "LinkQueue Extension (iOS)";
			packageProductDependencies = (
			);
			productName = "LinkQueue Extension (iOS)";
			productReference = 1F4374F72D8A675D00570836 /* LinkQueue Extension.appex */;
			productType = "com.apple.product-type.app-extension";
		};
		1F4375002D8A675D00570836 /* LinkQueue Extension (macOS) */ = {
			isa = PBXNativeTarget;
			buildConfigurationList = 1F43751F2D8A675D00570836 /* Build configuration list for PBXNativeTarget "LinkQueue Extension (macOS)" */;
			buildPhases = (
				1F4374FD2D8A675D00570836 /* Sources */,
				1F4374FE2D8A675D00570836 /* Frameworks */,
				1F4374FF2D8A675D00570836 /* Resources */,
			);
			buildRules = (
			);
			dependencies = (
			);
			name = "LinkQueue Extension (macOS)";
			packageProductDependencies = (
			);
			productName = "LinkQueue Extension (macOS)";
			productReference = 1F4375012D8A675D00570836 /* LinkQueue Extension.appex */;
			productType = "com.apple.product-type.app-extension";
		};
/* End PBXNativeTarget section */

/* Begin PBXProject section */
		1F4374C52D8A675C00570836 /* Project object */ = {
			isa = PBXProject;
			attributes = {
				BuildIndependentTargetsInParallel = 1;
				LastSwiftUpdateCheck = 1620;
				LastUpgradeCheck = 1620;
				TargetAttributes = {
					1F4374D72D8A675D00570836 = {
						CreatedOnToolsVersion = 16.2;
					};
					1F4374E92D8A675D00570836 = {
						CreatedOnToolsVersion = 16.2;
					};
					1F4374F62D8A675D00570836 = {
						CreatedOnToolsVersion = 16.2;
					};
					1F4375002D8A675D00570836 = {
						CreatedOnToolsVersion = 16.2;
					};
				};
			};
			buildConfigurationList = 1F4374C82D8A675C00570836 /* Build configuration list for PBXProject "LinkQueue" */;
			developmentRegion = en;
			hasScannedForEncodings = 0;
			knownRegions = (
				en,
				Base,
			);
			mainGroup = 1F4374C42D8A675C00570836;
			minimizedProjectReferenceProxies = 1;
			preferredProjectObjectVersion = 77;
			productRefGroup = 1F4374D92D8A675D00570836 /* Products */;
			projectDirPath = "";
			projectRoot = "";
			targets = (
				1F4374D72D8A675D00570836 /* LinkQueue (iOS) */,
				1F4374E92D8A675D00570836 /* LinkQueue (macOS) */,
				1F4374F62D8A675D00570836 /* LinkQueue Extension (iOS) */,
				1F4375002D8A675D00570836 /* LinkQueue Extension (macOS) */,
			);
		};
/* End PBXProject section */

/* Begin PBXResourcesBuildPhase section */
		1F4374D62D8A675D00570836 /* Resources */ = {
			isa = PBXResourcesBuildPhase;
			buildActionMask = 2147483647;
			files = (
				1F43750A2D8A675D00570836 /* Icon.png in Resources */,
				1F4374E12D8A675D00570836 /* LaunchScreen.storyboard in Resources */,
				1F4375082D8A675D00570836 /* Main.html in Resources */,
				1F43750E2D8A675D00570836 /* Script.js in Resources */,
				1F4375122D8A675D00570836 /* Assets.xcassets in Resources */,
				1F4374E42D8A675D00570836 /* Main.storyboard in Resources */,
				1F43750C2D8A675D00570836 /* Style.css in Resources */,
			);
			runOnlyForDeploymentPostprocessing = 0;
		};
		1F4374E82D8A675D00570836 /* Resources */ = {
			isa = PBXResourcesBuildPhase;
			buildActionMask = 2147483647;
			files = (
				1F43750B2D8A675D00570836 /* Icon.png in Resources */,
				1F43750D2D8A675D00570836 /* Style.css in Resources */,
				1F4374F02D8A675D00570836 /* Main.storyboard in Resources */,
				1F43750F2D8A675D00570836 /* Script.js in Resources */,
				1F4375132D8A675D00570836 /* Assets.xcassets in Resources */,
				1F4375092D8A675D00570836 /* Main.html in Resources */,
			);
			runOnlyForDeploymentPostprocessing = 0;
		};
		1F4374F52D8A675D00570836 /* Resources */ = {
			isa = PBXResourcesBuildPhase;
			buildActionMask = 2147483647;
			files = (
				1F4375472D8A675D00570836 /* LICENSE.txt in Resources */,
				1F43753E2D8A675D00570836 /* background.js in Resources */,
				1F4375432D8A675D00570836 /* manifest.json in Resources */,
				1F4375402D8A675D00570836 /* options.js in Resources */,
				1F4375442D8A675D00570836 /* options.html in Resources */,
				1F4375462D8A675D00570836 /* content.js in Resources */,
				1F43753F2D8A675D00570836 /* popup.html in Resources */,
				1F4375452D8A675D00570836 /* popup.css in Resources */,
				1F4375422D8A675D00570836 /* icons in Resources */,
				1F43753D2D8A675D00570836 /* popup.js in Resources */,
				1F4375412D8A675D00570836 /* Resources in Resources */,
			);
			runOnlyForDeploymentPostprocessing = 0;
		};
		1F4374FF2D8A675D00570836 /* Resources */ = {
			isa = PBXResourcesBuildPhase;
			buildActionMask = 2147483647;
			files = (
				1F43753C2D8A675D00570836 /* LICENSE.txt in Resources */,
				1F4375332D8A675D00570836 /* background.js in Resources */,
				1F4375382D8A675D00570836 /* manifest.json in Resources */,
				1F4375352D8A675D00570836 /* options.js in Resources */,
				1F4375392D8A675D00570836 /* options.html in Resources */,
				1F43753B2D8A675D00570836 /* content.js in Resources */,
				1F4375342D8A675D00570836 /* popup.html in Resources */,
				1F43753A2D8A675D00570836 /* popup.css in Resources */,
				1F4375372D8A675D00570836 /* icons in Resources */,
				1F4375322D8A675D00570836 /* popup.js in Resources */,
				1F4375362D8A675D00570836 /* Resources in Resources */,
			);
			runOnlyForDeploymentPostprocessing = 0;
		};
/* End PBXResourcesBuildPhase section */

/* Begin PBXSourcesBuildPhase section */
		1F4374D42D8A675D00570836 /* Sources */ = {
			isa = PBXSourcesBuildPhase;
			buildActionMask = 2147483647;
			files = (
				1F4375102D8A675D00570836 /* ViewController.swift in Sources */,
				1F4374DC2D8A675D00570836 /* AppDelegate.swift in Sources */,
				1F4374DE2D8A675D00570836 /* SceneDelegate.swift in Sources */,
			);
			runOnlyForDeploymentPostprocessing = 0;
		};
		1F4374E62D8A675D00570836 /* Sources */ = {
			isa = PBXSourcesBuildPhase;
			buildActionMask = 2147483647;
			files = (
				1F4375112D8A675D00570836 /* ViewController.swift in Sources */,
				1F4374ED2D8A675D00570836 /* AppDelegate.swift in Sources */,
			);
			runOnlyForDeploymentPostprocessing = 0;
		};
		1F4374F32D8A675D00570836 /* Sources */ = {
			isa = PBXSourcesBuildPhase;
			buildActionMask = 2147483647;
			files = (
				1F4375142D8A675D00570836 /* SafariWebExtensionHandler.swift in Sources */,
			);
			runOnlyForDeploymentPostprocessing = 0;
		};
		1F4374FD2D8A675D00570836 /* Sources */ = {
			isa = PBXSourcesBuildPhase;
			buildActionMask = 2147483647;
			files = (
				1F4375152D8A675D00570836 /* SafariWebExtensionHandler.swift in Sources */,
			);
			runOnlyForDeploymentPostprocessing = 0;
		};
/* End PBXSourcesBuildPhase section */

/* Begin PBXTargetDependency section */
		1F4374FA2D8A675D00570836 /* PBXTargetDependency */ = {
			isa = PBXTargetDependency;
			target = 1F4374F62D8A675D00570836 /* LinkQueue Extension (iOS) */;
			targetProxy = 1F4374F92D8A675D00570836 /* PBXContainerItemProxy */;
		};
		1F4375042D8A675D00570836 /* PBXTargetDependency */ = {
			isa = PBXTargetDependency;
			target = 1F4375002D8A675D00570836 /* LinkQueue Extension (macOS) */;
			targetProxy = 1F4375032D8A675D00570836 /* PBXContainerItemProxy */;
		};
/* End PBXTargetDependency section */

/* Begin PBXVariantGroup section */
		1F4374CB2D8A675C00570836 /* Main.html */ = {
			isa = PBXVariantGroup;
			children = (
				1F4374CC2D8A675C00570836 /* Base */,
			);
			name = Main.html;
			sourceTree = "<group>";
		};
		1F4374DF2D8A675D00570836 /* LaunchScreen.storyboard */ = {
			isa = PBXVariantGroup;
			children = (
				1F4374E02D8A675D00570836 /* Base */,
			);
			name = LaunchScreen.storyboard;
			sourceTree = "<group>";
		};
		1F4374E22D8A675D00570836 /* Main.storyboard */ = {
			isa = PBXVariantGroup;
			children = (
				1F4374E32D8A675D00570836 /* Base */,
			);
			name = Main.storyboard;
			sourceTree = "<group>";
		};
		1F4374EE2D8A675D00570836 /* Main.storyboard */ = {
			isa = PBXVariantGroup;
			children = (
				1F4374EF2D8A675D00570836 /* Base */,
			);
			name = Main.storyboard;
			sourceTree = "<group>";
		};
/* End PBXVariantGroup section */

/* Begin XCBuildConfiguration section */
		1F4375162D8A675D00570836 /* Debug */ = {
			isa = XCBuildConfiguration;
			buildSettings = {
				ALWAYS_SEARCH_USER_PATHS = NO;
				ASSETCATALOG_COMPILER_GENERATE_SWIFT_ASSET_SYMBOL_EXTENSIONS = YES;
				CLANG_ANALYZER_NONNULL = YES;
				CLANG_ANALYZER_NUMBER_OBJECT_CONVERSION = YES_AGGRESSIVE;
				CLANG_CXX_LANGUAGE_STANDARD = "gnu++20";
				CLANG_ENABLE_MODULES = YES;
				CLANG_ENABLE_OBJC_ARC = YES;
				CLANG_ENABLE_OBJC_WEAK = YES;
				CLANG_WARN_BLOCK_CAPTURE_AUTORELEASING = YES;
				CLANG_WARN_BOOL_CONVERSION = YES;
				CLANG_WARN_COMMA = YES;
				CLANG_WARN_CONSTANT_CONVERSION = YES;
				CLANG_WARN_DEPRECATED_OBJC_IMPLEMENTATIONS = YES;
				CLANG_WARN_DIRECT_OBJC_ISA_USAGE = YES_ERROR;
				CLANG_WARN_DOCUMENTATION_COMMENTS = YES;
				CLANG_WARN_EMPTY_BODY = YES;
				CLANG_WARN_ENUM_CONVERSION = YES;
				CLANG_WARN_INFINITE_RECURSION = YES;
				CLANG_WARN_INT_CONVERSION = YES;
				CLANG_WARN_NON_LITERAL_NULL_CONVERSION = YES;
				CLANG_WARN_OBJC_IMPLICIT_RETAIN_SELF = YES;
				CLANG_WARN_OBJC_LITERAL_CONVERSION = YES;
				CLANG_WARN_OBJC_ROOT_CLASS = YES_ERROR;
				CLANG_WARN_QUOTED_INCLUDE_IN_FRAMEWORK_HEADER = YES;
				CLANG_WARN_RANGE_LOOP_ANALYSIS = YES;
				CLANG_WARN_STRICT_PROTOTYPES = YES;
				CLANG_WARN_SUSPICIOUS_MOVE = YES;
				CLANG_WARN_UNGUARDED_AVAILABILITY = YES_AGGRESSIVE;
				CLANG_WARN_UNREACHABLE_CODE = YES;
				CLANG_WARN__DUPLICATE_METHOD_MATCH = YES;
				COPY_PHASE_STRIP = NO;
				DEBUG_INFORMATION_FORMAT = dwarf;
				ENABLE_STRICT_OBJC_MSGSEND = YES;
				ENABLE_TESTABILITY = YES;
				ENABLE_USER_SCRIPT_SANDBOXING = YES;
				GCC_C_LANGUAGE_STANDARD = gnu17;
				GCC_DYNAMIC_NO_PIC = NO;
				GCC_NO_COMMON_BLOCKS = YES;
				GCC_OPTIMIZATION_LEVEL = 0;
				GCC_PREPROCESSOR_DEFINITIONS = (
					"DEBUG=1",
					"$(inherited)",
				);
				GCC_WARN_64_TO_32_BIT_CONVERSION = YES;
				GCC_WARN_ABOUT_RETURN_TYPE = YES_ERROR;
				GCC_WARN_UNDECLARED_SELECTOR = YES;
				GCC_WARN_UNINITIALIZED_AUTOS = YES_AGGRESSIVE;
				GCC_WARN_UNUSED_FUNCTION = YES;
				GCC_WARN_UNUSED_VARIABLE = YES;
				LOCALIZATION_PREFERS_STRING_CATALOGS = YES;
				MTL_ENABLE_DEBUG_INFO = INCLUDE_SOURCE;
				MTL_FAST_MATH = YES;
				ONLY_ACTIVE_ARCH = YES;
				SWIFT_ACTIVE_COMPILATION_CONDITIONS = "DEBUG $(inherited)";
				SWIFT_OPTIMIZATION_LEVEL = "-Onone";
			};
			name = Debug;
		};
		1F4375172D8A675D00570836 /* Release */ = {
			isa = XCBuildConfiguration;
			buildSettings = {
				ALWAYS_SEARCH_USER_PATHS = NO;
				ASSETCATALOG_COMPILER_GENERATE_SWIFT_ASSET_SYMBOL_EXTENSIONS = YES;
				CLANG_ANALYZER_NONNULL = YES;
				CLANG_ANALYZER_NUMBER_OBJECT_CONVERSION = YES_AGGRESSIVE;
				CLANG_CXX_LANGUAGE_STANDARD = "gnu++20";
				CLANG_ENABLE_MODULES = YES;
				CLANG_ENABLE_OBJC_ARC = YES;
				CLANG_ENABLE_OBJC_WEAK = YES;
				CLANG_WARN_BLOCK_CAPTURE_AUTORELEASING = YES;
				CLANG_WARN_BOOL_CONVERSION = YES;
				CLANG_WARN_COMMA = YES;
				CLANG_WARN_CONSTANT_CONVERSION = YES;
				CLANG_WARN_DEPRECATED_OBJC_IMPLEMENTATIONS = YES;
				CLANG_WARN_DIRECT_OBJC_ISA_USAGE = YES_ERROR;
				CLANG_WARN_DOCUMENTATION_COMMENTS = YES;
				CLANG_WARN_EMPTY_BODY = YES;
				CLANG_WARN_ENUM_CONVERSION = YES;
				CLANG_WARN_INFINITE_RECURSION = YES;
				CLANG_WARN_INT_CONVERSION = YES;
				CLANG_WARN_NON_LITERAL_NULL_CONVERSION = YES;
				CLANG_WARN_OBJC_IMPLICIT_RETAIN_SELF = YES;
				CLANG_WARN_OBJC_LITERAL_CONVERSION = YES;
				CLANG_WARN_OBJC_ROOT_CLASS = YES_ERROR;
				CLANG_WARN_QUOTED_INCLUDE_IN_FRAMEWORK_HEADER = YES;
				CLANG_WARN_RANGE_LOOP_ANALYSIS = YES;
				CLANG_WARN_STRICT_PROTOTYPES = YES;
				CLANG_WARN_SUSPICIOUS_MOVE = YES;
				CLANG_WARN_UNGUARDED_AVAILABILITY = YES_AGGRESSIVE;
				CLANG_WARN_UNREACHABLE_CODE = YES;
				CLANG_WARN__DUPLICATE_METHOD_MATCH = YES;
				COPY_PHASE_STRIP = NO;
				DEBUG_INFORMATION_FORMAT = "dwarf-with-dsym";
				ENABLE_NS_ASSERTIONS = NO;
				ENABLE_STRICT_OBJC_MSGSEND = YES;
				ENABLE_USER_SCRIPT_SANDBOXING = YES;
				GCC_C_LANGUAGE_STANDARD = gnu17;
				GCC_NO_COMMON_BLOCKS = YES;
				GCC_WARN_64_TO_32_BIT_CONVERSION = YES;
				GCC_WARN_ABOUT_RETURN_TYPE = YES_ERROR;
				GCC_WARN_UNDECLARED_SELECTOR = YES;
				GCC_WARN_UNINITIALIZED_AUTOS = YES_AGGRESSIVE;
				GCC_WARN_UNUSED_FUNCTION = YES;
				GCC_WARN_UNUSED_VARIABLE = YES;
				LOCALIZATION_PREFERS_STRING_CATALOGS = YES;
				MTL_ENABLE_DEBUG_INFO = NO;
				MTL_FAST_MATH = YES;
				SWIFT_COMPILATION_MODE = wholemodule;
			};
			name = Release;
		};
		1F4375192D8A675D00570836 /* Debug */ = {
			isa = XCBuildConfiguration;
			buildSettings = {
				CODE_SIGN_STYLE = Automatic;
				CURRENT_PROJECT_VERSION = 1;
				DEVELOPMENT_TEAM = 66592HUJRV;
				GENERATE_INFOPLIST_FILE = YES;
				INFOPLIST_FILE = "iOS (Extension)/Info.plist";
				INFOPLIST_KEY_CFBundleDisplayName = "LinkQueue Extension";
				INFOPLIST_KEY_NSHumanReadableCopyright = "";
				IPHONEOS_DEPLOYMENT_TARGET = 15.0;
				LD_RUNPATH_SEARCH_PATHS = (
					"$(inherited)",
					"@executable_path/Frameworks",
					"@executable_path/../../Frameworks",
				);
				MARKETING_VERSION = 1.0;
				OTHER_LDFLAGS = (
					"-framework",
					SafariServices,
				);
				PRODUCT_BUNDLE_IDENTIFIER = com.jeffkeeling.LinkQueue.Extension;
				PRODUCT_NAME = "LinkQueue Extension";
				SDKROOT = iphoneos;
				SKIP_INSTALL = YES;
				SWIFT_EMIT_LOC_STRINGS = YES;
				SWIFT_VERSION = 5.0;
				TARGETED_DEVICE_FAMILY = "1,2";
			};
			name = Debug;
		};
		1F43751A2D8A675D00570836 /* Release */ = {
			isa = XCBuildConfiguration;
			buildSettings = {
				CODE_SIGN_STYLE = Automatic;
				CURRENT_PROJECT_VERSION = 1;
				DEVELOPMENT_TEAM = 66592HUJRV;
				GENERATE_INFOPLIST_FILE = YES;
				INFOPLIST_FILE = "iOS (Extension)/Info.plist";
				INFOPLIST_KEY_CFBundleDisplayName = "LinkQueue Extension";
				INFOPLIST_KEY_NSHumanReadableCopyright = "";
				IPHONEOS_DEPLOYMENT_TARGET = 15.0;
				LD_RUNPATH_SEARCH_PATHS = (
					"$(inherited)",
					"@executable_path/Frameworks",
					"@executable_path/../../Frameworks",
				);
				MARKETING_VERSION = 1.0;
				OTHER_LDFLAGS = (
					"-framework",
					SafariServices,
				);
				PRODUCT_BUNDLE_IDENTIFIER = com.jeffkeeling.LinkQueue.Extension;
				PRODUCT_NAME = "LinkQueue Extension";
				SDKROOT = iphoneos;
				SKIP_INSTALL = YES;
				SWIFT_EMIT_LOC_STRINGS = YES;
				SWIFT_VERSION = 5.0;
				TARGETED_DEVICE_FAMILY = "1,2";
				VALIDATE_PRODUCT = YES;
			};
			name = Release;
		};
		1F43751D2D8A675D00570836 /* Debug */ = {
			isa = XCBuildConfiguration;
			buildSettings = {
				ASSETCATALOG_COMPILER_APPICON_NAME = AppIcon;
				ASSETCATALOG_COMPILER_GLOBAL_ACCENT_COLOR_NAME = AccentColor;
				CODE_SIGN_IDENTITY = "Apple Development";
				CODE_SIGN_STYLE = Automatic;
				CURRENT_PROJECT_VERSION = 1;
				DEVELOPMENT_TEAM = 66592HUJRV;
				GENERATE_INFOPLIST_FILE = YES;
				INFOPLIST_FILE = "iOS (App)/Info.plist";
				INFOPLIST_KEY_CFBundleDisplayName = LinkQueue;
				INFOPLIST_KEY_UIApplicationSupportsIndirectInputEvents = YES;
				INFOPLIST_KEY_UILaunchStoryboardName = LaunchScreen;
				INFOPLIST_KEY_UIMainStoryboardFile = Main;
				INFOPLIST_KEY_UISupportedInterfaceOrientations = "UIInterfaceOrientationPortrait UIInterfaceOrientationLandscapeLeft UIInterfaceOrientationLandscapeRight";
				INFOPLIST_KEY_UISupportedInterfaceOrientations_iPad = "UIInterfaceOrientationPortrait UIInterfaceOrientationPortraitUpsideDown UIInterfaceOrientationLandscapeLeft UIInterfaceOrientationLandscapeRight";
				IPHONEOS_DEPLOYMENT_TARGET = 15.0;
				LD_RUNPATH_SEARCH_PATHS = (
					"$(inherited)",
					"@executable_path/Frameworks",
				);
				MARKETING_VERSION = 1.0;
				OTHER_LDFLAGS = (
					"-framework",
					SafariServices,
					"-framework",
					WebKit,
				);
				PRODUCT_BUNDLE_IDENTIFIER = com.jeffkeeling.LinkQueue;
				PRODUCT_NAME = LinkQueue;
				PROVISIONING_PROFILE_SPECIFIER = "";
				SDKROOT = iphoneos;
				SWIFT_EMIT_LOC_STRINGS = YES;
				SWIFT_VERSION = 5.0;
				TARGETED_DEVICE_FAMILY = "1,2";
			};
			name = Debug;
		};
		1F43751E2D8A675D00570836 /* Release */ = {
			isa = XCBuildConfiguration;
			buildSettings = {
				ASSETCATALOG_COMPILER_APPICON_NAME = AppIcon;
				ASSETCATALOG_COMPILER_GLOBAL_ACCENT_COLOR_NAME = AccentColor;
				CODE_SIGN_IDENTITY = "Apple Development";
				CODE_SIGN_STYLE = Automatic;
				CURRENT_PROJECT_VERSION = 1;
				DEVELOPMENT_TEAM = 66592HUJRV;
				GENERATE_INFOPLIST_FILE = YES;
				INFOPLIST_FILE = "iOS (App)/Info.plist";
				INFOPLIST_KEY_CFBundleDisplayName = LinkQueue;
				INFOPLIST_KEY_UIApplicationSupportsIndirectInputEvents = YES;
				INFOPLIST_KEY_UILaunchStoryboardName = LaunchScreen;
				INFOPLIST_KEY_UIMainStoryboardFile = Main;
				INFOPLIST_KEY_UISupportedInterfaceOrientations = "UIInterfaceOrientationPortrait UIInterfaceOrientationLandscapeLeft UIInterfaceOrientationLandscapeRight";
				INFOPLIST_KEY_UISupportedInterfaceOrientations_iPad = "UIInterfaceOrientationPortrait UIInterfaceOrientationPortraitUpsideDown UIInterfaceOrientationLandscapeLeft UIInterfaceOrientationLandscapeRight";
				IPHONEOS_DEPLOYMENT_TARGET = 15.0;
				LD_RUNPATH_SEARCH_PATHS = (
					"$(inherited)",
					"@executable_path/Frameworks",
				);
				MARKETING_VERSION = 1.0;
				OTHER_LDFLAGS = (
					"-framework",
					SafariServices,
					"-framework",
					WebKit,
				);
				PRODUCT_BUNDLE_IDENTIFIER = com.jeffkeeling.LinkQueue;
				PRODUCT_NAME = LinkQueue;
				PROVISIONING_PROFILE_SPECIFIER = "";
				SDKROOT = iphoneos;
				SWIFT_EMIT_LOC_STRINGS = YES;
				SWIFT_VERSION = 5.0;
				TARGETED_DEVICE_FAMILY = "1,2";
				VALIDATE_PRODUCT = YES;
			};
			name = Release;
		};
		1F4375202D8A675D00570836 /* Debug */ = {
			isa = XCBuildConfiguration;
			buildSettings = {
				CODE_SIGN_ENTITLEMENTS = "macOS (Extension)/LinkQueue.entitlements";
				"CODE_SIGN_IDENTITY[sdk=macosx*]" = "Apple Development";
				CODE_SIGN_STYLE = Automatic;
				CURRENT_PROJECT_VERSION = 1;
				DEVELOPMENT_TEAM = 66592HUJRV;
				ENABLE_HARDENED_RUNTIME = YES;
				GENERATE_INFOPLIST_FILE = YES;
				INFOPLIST_FILE = "macOS (Extension)/Info.plist";
				INFOPLIST_KEY_CFBundleDisplayName = "LinkQueue Extension";
				INFOPLIST_KEY_NSHumanReadableCopyright = "";
				LD_RUNPATH_SEARCH_PATHS = (
					"$(inherited)",
					"@executable_path/../Frameworks",
					"@executable_path/../../../../Frameworks",
				);
				MACOSX_DEPLOYMENT_TARGET = 10.14;
				MARKETING_VERSION = 1.0;
				OTHER_LDFLAGS = (
					"-framework",
					SafariServices,
				);
				PRODUCT_BUNDLE_IDENTIFIER = com.jeffkeeling.LinkQueue.Extension;
				PRODUCT_NAME = "LinkQueue Extension";
				SDKROOT = macosx;
				SKIP_INSTALL = YES;
				SWIFT_EMIT_LOC_STRINGS = YES;
				SWIFT_VERSION = 5.0;
			};
			name = Debug;
		};
		1F4375212D8A675D00570836 /* Release */ = {
			isa = XCBuildConfiguration;
			buildSettings = {
				CODE_SIGN_ENTITLEMENTS = "macOS (Extension)/LinkQueue.entitlements";
				"CODE_SIGN_IDENTITY[sdk=macosx*]" = "Apple Development";
				CODE_SIGN_STYLE = Automatic;
				CURRENT_PROJECT_VERSION = 1;
				DEVELOPMENT_TEAM = 66592HUJRV;
				ENABLE_HARDENED_RUNTIME = YES;
				GENERATE_INFOPLIST_FILE = YES;
				INFOPLIST_FILE = "macOS (Extension)/Info.plist";
				INFOPLIST_KEY_CFBundleDisplayName = "LinkQueue Extension";
				INFOPLIST_KEY_NSHumanReadableCopyright = "";
				LD_RUNPATH_SEARCH_PATHS = (
					"$(inherited)",
					"@executable_path/../Frameworks",
					"@executable_path/../../../../Frameworks",
				);
				MACOSX_DEPLOYMENT_TARGET = 10.14;
				MARKETING_VERSION = 1.0;
				OTHER_LDFLAGS = (
					"-framework",
					SafariServices,
				);
				PRODUCT_BUNDLE_IDENTIFIER = com.jeffkeeling.LinkQueue.Extension;
				PRODUCT_NAME = "LinkQueue Extension";
				SDKROOT = macosx;
				SKIP_INSTALL = YES;
				SWIFT_EMIT_LOC_STRINGS = YES;
				SWIFT_VERSION = 5.0;
			};
			name = Release;
		};
		1F4375242D8A675D00570836 /* Debug */ = {
			isa = XCBuildConfiguration;
			buildSettings = {
				ASSETCATALOG_COMPILER_APPICON_NAME = AppIcon;
				ASSETCATALOG_COMPILER_GLOBAL_ACCENT_COLOR_NAME = AccentColor;
				CODE_SIGN_ENTITLEMENTS = "macOS (App)/LinkQueue.entitlements";
				"CODE_SIGN_IDENTITY[sdk=macosx*]" = "Apple Development";
				CODE_SIGN_STYLE = Automatic;
				CURRENT_PROJECT_VERSION = 1;
				DEVELOPMENT_TEAM = 66592HUJRV;
				ENABLE_HARDENED_RUNTIME = YES;
				GENERATE_INFOPLIST_FILE = YES;
				INFOPLIST_FILE = "macOS (App)/Info.plist";
				INFOPLIST_KEY_CFBundleDisplayName = LinkQueue;
				INFOPLIST_KEY_NSMainStoryboardFile = Main;
				INFOPLIST_KEY_NSPrincipalClass = NSApplication;
				LD_RUNPATH_SEARCH_PATHS = (
					"$(inherited)",
					"@executable_path/../Frameworks",
				);
				MACOSX_DEPLOYMENT_TARGET = 10.14;
				MARKETING_VERSION = 1.0;
				OTHER_LDFLAGS = (
					"-framework",
					SafariServices,
					"-framework",
					WebKit,
				);
				PRODUCT_BUNDLE_IDENTIFIER = com.jeffkeeling.LinkQueue;
				PRODUCT_NAME = LinkQueue;
				SDKROOT = macosx;
				SWIFT_EMIT_LOC_STRINGS = YES;
				SWIFT_VERSION = 5.0;
			};
			name = Debug;
		};
		1F4375252D8A675D00570836 /* Release */ = {
			isa = XCBuildConfiguration;
			buildSettings = {
				ASSETCATALOG_COMPILER_APPICON_NAME = AppIcon;
				ASSETCATALOG_COMPILER_GLOBAL_ACCENT_COLOR_NAME = AccentColor;
				CODE_SIGN_ENTITLEMENTS = "macOS (App)/LinkQueue.entitlements";
				"CODE_SIGN_IDENTITY[sdk=macosx*]" = "Apple Development";
				CODE_SIGN_STYLE = Automatic;
				CURRENT_PROJECT_VERSION = 1;
				DEVELOPMENT_TEAM = 66592HUJRV;
				ENABLE_HARDENED_RUNTIME = YES;
				GENERATE_INFOPLIST_FILE = YES;
				INFOPLIST_FILE = "macOS (App)/Info.plist";
				INFOPLIST_KEY_CFBundleDisplayName = LinkQueue;
				INFOPLIST_KEY_NSMainStoryboardFile = Main;
				INFOPLIST_KEY_NSPrincipalClass = NSApplication;
				LD_RUNPATH_SEARCH_PATHS = (
					"$(inherited)",
					"@executable_path/../Frameworks",
				);
				MACOSX_DEPLOYMENT_TARGET = 10.14;
				MARKETING_VERSION = 1.0;
				OTHER_LDFLAGS = (
					"-framework",
					SafariServices,
					"-framework",
					WebKit,
				);
				PRODUCT_BUNDLE_IDENTIFIER = com.jeffkeeling.LinkQueue;
				PRODUCT_NAME = LinkQueue;
				SDKROOT = macosx;
				SWIFT_EMIT_LOC_STRINGS = YES;
				SWIFT_VERSION = 5.0;
			};
			name = Release;
		};
/* End XCBuildConfiguration section */

/* Begin XCConfigurationList section */
		1F4374C82D8A675C00570836 /* Build configuration list for PBXProject "LinkQueue" */ = {
			isa = XCConfigurationList;
			buildConfigurations = (
				1F4375162D8A675D00570836 /* Debug */,
				1F4375172D8A675D00570836 /* Release */,
			);
			defaultConfigurationIsVisible = 0;
			defaultConfigurationName = Release;
		};
		1F4375182D8A675D00570836 /* Build configuration list for PBXNativeTarget "LinkQueue Extension (iOS)" */ = {
			isa = XCConfigurationList;
			buildConfigurations = (
				1F4375192D8A675D00570836 /* Debug */,
				1F43751A2D8A675D00570836 /* Release */,
			);
			defaultConfigurationIsVisible = 0;
			defaultConfigurationName = Release;
		};
		1F43751C2D8A675D00570836 /* Build configuration list for PBXNativeTarget "LinkQueue (iOS)" */ = {
			isa = XCConfigurationList;
			buildConfigurations = (
				1F43751D2D8A675D00570836 /* Debug */,
				1F43751E2D8A675D00570836 /* Release */,
			);
			defaultConfigurationIsVisible = 0;
			defaultConfigurationName = Release;
		};
		1F43751F2D8A675D00570836 /* Build configuration list for PBXNativeTarget "LinkQueue Extension (macOS)" */ = {
			isa = XCConfigurationList;
			buildConfigurations = (
				1F4375202D8A675D00570836 /* Debug */,
				1F4375212D8A675D00570836 /* Release */,
			);
			defaultConfigurationIsVisible = 0;
			defaultConfigurationName = Release;
		};
		1F4375232D8A675D00570836 /* Build configuration list for PBXNativeTarget "LinkQueue (macOS)" */ = {
			isa = XCConfigurationList;
			buildConfigurations = (
				1F4375242D8A675D00570836 /* Debug */,
				1F4375252D8A675D00570836 /* Release */,
			);
			defaultConfigurationIsVisible = 0;
			defaultConfigurationName = Release;
		};
/* End XCConfigurationList section */
	};
	rootObject = 1F4374C52D8A675C00570836 /* Project object */;
}
